{
  "pins" : [
    {
      "identity" : "swift-mqtt",
      "kind" : "remoteSourceControl",
      "location" : "https://github.com/emqx/swift-mqtt.git",
      "state" : {
        "revision" : "eebac4f6859da94adfbd1f666b94bee0e1ca5b82",
        "version" : "1.5.2"
      }
    },
    {
      "identity" : "swift-promise",
      "kind" : "remoteSourceControl",
      "location" : "https://github.com/sutext/swift-promise",
      "state" : {
        "revision" : "68c9a890347723cd39ce6c17054f893f0806c4ee",
        "version" : "2.3.0"
      }
    }
  ],
  "version" : 2
}
